{
  "name": "@opencode/tool-crawl4ai",
  "version": "1.0.0",
  "lockfileVersion": 3,
  "requires": true,
  "packages": {
    "": {
      "name": "@opencode/tool-crawl4ai",
      "version": "1.0.0",
      "dependencies": {
        "crawl4ai": "^1.0.1"
      }
    },
    "node_modules/crawl4ai": {
      "version": "1.0.1",
      "resolved": "https://registry.npmjs.org/crawl4ai/-/crawl4ai-1.0.1.tgz",
      "integrity": "sha512-UQ6atHXv2KUcTgDwcIPsUWNzHY1Ar/Ucu0d6jbzq4uNcIEwr1rKNkkS6seVEadAXEizlN8miSrEBwwHJ3Qud9Q==",
      "license": "MIT",
      "engines": {
        "node": ">=18.0.0"
      },
      "peerDependencies": {
        "typescript": ">=4.5.0"
      },
      "peerDependenciesMeta": {
        "typescript": {
          "optional": true
        }
      }
    }
  }
}
